// !$*UTF8*$!
{
	archiveVersion = 1;
	classes = {
	};
	objectVersion = 50;
	objects = {

/* Begin PBXBuildFile section */
		E553C2E923F12B28009FAE5F /* AppDelegate.swift in Sources */ = {isa = PBXBuildFile; fileRef = E553C2E823F12B28009FAE5F /* AppDelegate.swift */; };
		E553C2EB23F12B28009FAE5F /* SceneDelegate.swift in Sources */ = {isa = PBXBuildFile; fileRef = E553C2EA23F12B28009FAE5F /* SceneDelegate.swift */; };
		E553C2ED23F12B28009FAE5F /* CollectionViewBasicsPractice.swift in Sources */ = {isa = PBXBuildFile; fileRef = E553C2EC23F12B28009FAE5F /* CollectionViewBasicsPractice.swift */; };
		E553C2F023F12B28009FAE5F /* Main.storyboard in Resources */ = {isa = PBXBuildFile; fileRef = E553C2EE23F12B28009FAE5F /* Main.storyboard */; };
		E553C2F223F12B2A009FAE5F /* Assets.xcassets in Resources */ = {isa = PBXBuildFile; fileRef = E553C2F123F12B2A009FAE5F /* Assets.xcassets */; };
		E553C2F523F12B2A009FAE5F /* LaunchScreen.storyboard in Resources */ = {isa = PBXBuildFile; fileRef = E553C2F323F12B2A009FAE5F /* LaunchScreen.storyboard */; };
		E553C2FD23F13245009FAE5F /* CollectionViewPracticeCell.swift in Sources */ = {isa = PBXBuildFile; fileRef = E553C2FC23F13244009FAE5F /* CollectionViewPracticeCell.swift */; };
/* End PBXBuildFile section */

/* Begin PBXFileReference section */
		E553C2E523F12B28009FAE5F /* CollectionViewPractice.app */ = {isa = PBXFileReference; explicitFileType = wrapper.application; includeInIndex = 0; path = CollectionViewPractice.app; sourceTree = BUILT_PRODUCTS_DIR; };
		E553C2E823F12B28009FAE5F /* AppDelegate.swift */ = {isa = PBXFileReference; lastKnownFileType = sourcecode.swift; path = AppDelegate.swift; sourceTree = "<group>"; };
		E553C2EA23F12B28009FAE5F /* SceneDelegate.swift */ = {isa = PBXFileReference; lastKnownFileType = sourcecode.swift; path = SceneDelegate.swift; sourceTree = "<group>"; };
		E553C2EC23F12B28009FAE5F /* CollectionViewBasicsPractice.swift */ = {isa = PBXFileReference; lastKnownFileType = sourcecode.swift; path = CollectionViewBasicsPractice.swift; sourceTree = "<group>"; };
		E553C2EF23F12B28009FAE5F /* Base */ = {isa = PBXFileReference; lastKnownFileType = file.storyboard; name = Base; path = Base.lproj/Main.storyboard; sourceTree = "<group>"; };
		E553C2F123F12B2A009FAE5F /* Assets.xcassets */ = {isa = PBXFileReference; lastKnownFileType = folder.assetcatalog; path = Assets.xcassets; sourceTree = "<group>"; };
		E553C2F423F12B2A009FAE5F /* Base */ = {isa = PBXFileReference; lastKnownFileType = file.storyboard; name = Base; path = Base.lproj/LaunchScreen.storyboard; sourceTree = "<group>"; };
		E553C2F623F12B2A009FAE5F /* Info.plist */ = {isa = PBXFileReference; lastKnownFileType = text.plist.xml; path = Info.plist; sourceTree = "<group>"; };
		E553C2FC23F13244009FAE5F /* CollectionViewPracticeCell.swift */ = {isa = PBXFileReference; lastKnownFileType = sourcecode.swift; path = CollectionViewPracticeCell.swift; sourceTree = "<group>"; };
/* End PBXFileReference section */

/* Begin PBXFrameworksBuildPhase section */
		E553C2E223F12B28009FAE5F /* Frameworks */ = {
			isa = PBXFrameworksBuildPhase;
			buildActionMask = 2147483647;
			files = (
			);
			runOnlyForDeploymentPostprocessing = 0;
		};
/* End PBXFrameworksBuildPhase section */

/* Begin PBXGroup section */
		E553C2DC23F12B28009FAE5F = {
			isa = PBXGroup;
			children = (
				E553C2E723F12B28009FAE5F /* CollectionViewPractice */,
				E553C2E623F12B28009FAE5F /* Products */,
			);
			sourceTree = "<group>";
		};
		E553C2E623F12B28009FAE5F /* Products */ = {
			isa = PBXGroup;
			children = (
				E553C2E523F12B28009FAE5F /* CollectionViewPractice.app */,
			);
			name = Products;
			sourceTree = "<group>";
		};
		E553C2E723F12B28009FAE5F /* CollectionViewPractice */ = {
			isa = PBXGroup;
			children = (
				E553C2E823F12B28009FAE5F /* AppDelegate.swift */,
				E553C2EA23F12B28009FAE5F /* SceneDelegate.swift */,
				E553C2EC23F12B28009FAE5F /* CollectionViewBasicsPractice.swift */,
				E553C2FC23F13244009FAE5F /* CollectionViewPracticeCell.swift */,
				E553C2EE23F12B28009FAE5F /* Main.storyboard */,
				E553C2F123F12B2A009FAE5F /* Assets.xcassets */,
				E553C2F323F12B2A009FAE5F /* LaunchScreen.storyboard */,
				E553C2F623F12B2A009FAE5F /* Info.plist */,
			);
			path = CollectionViewPractice;
			sourceTree = "<group>";
		};
/* End PBXGroup section */

/* Begin PBXNativeTarget section */
		E553C2E423F12B28009FAE5F /* CollectionViewPractice */ = {
			isa = PBXNativeTarget;
			buildConfigurationList = E553C2F923F12B2A009FAE5F /* Build configuration list for PBXNativeTarget "CollectionViewPractice" */;
			buildPhases = (
				E553C2E123F12B28009FAE5F /* Sources */,
				E553C2E223F12B28009FAE5F /* Frameworks */,
				E553C2E323F12B28009FAE5F /* Resources */,
			);
			buildRules = (
			);
			dependencies = (
			);
			name = CollectionViewPractice;
			productName = CollectionViewPractice;
			productReference = E553C2E523F12B28009FAE5F /* CollectionViewPractice.app */;
			productType = "com.apple.product-type.application";
		};
/* End PBXNativeTarget section */

/* Begin PBXProject section */
		E553C2DD23F12B28009FAE5F /* Project object */ = {
			isa = PBXProject;
			attributes = {
				LastSwiftUpdateCheck = 1130;
				LastUpgradeCheck = 1130;
				ORGANIZATIONNAME = vaayoo;
				TargetAttributes = {
					E553C2E423F12B28009FAE5F = {
						CreatedOnToolsVersion = 11.3;
					};
				};
			};
			buildConfigurationList = E553C2E023F12B28009FAE5F /* Build configuration list for PBXProject "CollectionViewPractice" */;
			compatibilityVersion = "Xcode 9.3";
			developmentRegion = en;
			hasScannedForEncodings = 0;
			knownRegions = (
				en,
				Base,
			);
			mainGroup = E553C2DC23F12B28009FAE5F;
			productRefGroup = E553C2E623F12B28009FAE5F /* Products */;
			projectDirPath = "";
			projectRoot = "";
			targets = (
				E553C2E423F12B28009FAE5F /* CollectionViewPractice */,
			);
		};
/* End PBXProject section */

/* Begin PBXResourcesBuildPhase section */
		E553C2E323F12B28009FAE5F /* Resources */ = {
			isa = PBXResourcesBuildPhase;
			buildActionMask = 2147483647;
			files = (
				E553C2F523F12B2A009FAE5F /* LaunchScreen.storyboard in Resources */,
				E553C2F223F12B2A009FAE5F /* Assets.xcassets in Resources */,
				E553C2F023F12B28009FAE5F /* Main.storyboard in Resources */,
			);
			runOnlyForDeploymentPostprocessing = 0;
		};
/* End PBXResourcesBuildPhase section */

/* Begin PBXSourcesBuildPhase section */
		E553C2E123F12B28009FAE5F /* Sources */ = {
			isa = PBXSourcesBuildPhase;
			buildActionMask = 2147483647;
			files = (
				E553C2ED23F12B28009FAE5F /* CollectionViewBasicsPractice.swift in Sources */,
				E553C2E923F12B28009FAE5F /* AppDelegate.swift in Sources */,
				E553C2FD23F13245009FAE5F /* CollectionViewPracticeCell.swift in Sources */,
				E553C2EB23F12B28009FAE5F /* SceneDelegate.swift in Sources */,
			);
			runOnlyForDeploymentPostprocessing = 0;
		};
/* End PBXSourcesBuildPhase section */

/* Begin PBXVariantGroup section */
		E553C2EE23F12B28009FAE5F /* Main.storyboard */ = {
			isa = PBXVariantGroup;
			children = (
				E553C2EF23F12B28009FAE5F /* Base */,
			);
			name = Main.storyboard;
			sourceTree = "<group>";
		};
		E553C2F323F12B2A009FAE5F /* LaunchScreen.storyboard */ = {
			isa = PBXVariantGroup;
			children = (
				E553C2F423F12B2A009FAE5F /* Base */,
			);
			name = LaunchScreen.storyboard;
			sourceTree = "<group>";
		};
/* End PBXVariantGroup section */

/* Begin XCBuildConfiguration section */
		E553C2F723F12B2A009FAE5F /* Debug */ = {
			isa = XCBuildConfiguration;
			buildSettings = {
				ALWAYS_SEARCH_USER_PATHS = NO;
				CLANG_ANALYZER_NONNULL = YES;
				CLANG_ANALYZER_NUMBER_OBJECT_CONVERSION = YES_AGGRESSIVE;
				CLANG_CXX_LANGUAGE_STANDARD = "gnu++14";
				CLANG_CXX_LIBRARY = "libc++";
				CLANG_ENABLE_MODULES = YES;
				CLANG_ENABLE_OBJC_ARC = YES;
				CLANG_ENABLE_OBJC_WEAK = YES;
				CLANG_WARN_BLOCK_CAPTURE_AUTORELEASING = YES;
				CLANG_WARN_BOOL_CONVERSION = YES;
				CLANG_WARN_COMMA = YES;
				CLANG_WARN_CONSTANT_CONVERSION = YES;
				CLANG_WARN_DEPRECATED_OBJC_IMPLEMENTATIONS = YES;
				CLANG_WARN_DIRECT_OBJC_ISA_USAGE = YES_ERROR;
				CLANG_WARN_DOCUMENTATION_COMMENTS = YES;
				CLANG_WARN_EMPTY_BODY = YES;
				CLANG_WARN_ENUM_CONVERSION = YES;
				CLANG_WARN_INFINITE_RECURSION = YES;
				CLANG_WARN_INT_CONVERSION = YES;
				CLANG_WARN_NON_LITERAL_NULL_CONVERSION = YES;
				CLANG_WARN_OBJC_IMPLICIT_RETAIN_SELF = YES;
				CLANG_WARN_OBJC_LITERAL_CONVERSION = YES;
				CLANG_WARN_OBJC_ROOT_CLASS = YES_ERROR;
				CLANG_WARN_RANGE_LOOP_ANALYSIS = YES;
				CLANG_WARN_STRICT_PROTOTYPES = YES;
				CLANG_WARN_SUSPICIOUS_MOVE = YES;
				CLANG_WARN_UNGUARDED_AVAILABILITY = YES_AGGRESSIVE;
				CLANG_WARN_UNREACHABLE_CODE = YES;
				CLANG_WARN__DUPLICATE_METHOD_MATCH = YES;
				COPY_PHASE_STRIP = NO;
				DEBUG_INFORMATION_FORMAT = dwarf;
				ENABLE_STRICT_OBJC_MSGSEND = YES;
				ENABLE_TESTABILITY = YES;
				GCC_C_LANGUAGE_STANDARD = gnu11;
				GCC_DYNAMIC_NO_PIC = NO;
				GCC_NO_COMMON_BLOCKS = YES;
				GCC_OPTIMIZATION_LEVEL = 0;
				GCC_PREPROCESSOR_DEFINITIONS = (
					"DEBUG=1",
					"$(inherited)",
				);
				GCC_WARN_64_TO_32_BIT_CONVERSION = YES;
				GCC_WARN_ABOUT_RETURN_TYPE = YES_ERROR;
				GCC_WARN_UNDECLARED_SELECTOR = YES;
				GCC_WARN_UNINITIALIZED_AUTOS = YES_AGGRESSIVE;
				GCC_WARN_UNUSED_FUNCTION = YES;
				GCC_WARN_UNUSED_VARIABLE = YES;
				IPHONEOS_DEPLOYMENT_TARGET = 13.2;
				MTL_ENABLE_DEBUG_INFO = INCLUDE_SOURCE;
				MTL_FAST_MATH = YES;
				ONLY_ACTIVE_ARCH = YES;
				SDKROOT = iphoneos;
				SWIFT_ACTIVE_COMPILATION_CONDITIONS = DEBUG;
				SWIFT_OPTIMIZATION_LEVEL = "-Onone";
			};
			name = Debug;
		};
		E553C2F823F12B2A009FAE5F /* Release */ = {
			isa = XCBuildConfiguration;
			buildSettings = {
				ALWAYS_SEARCH_USER_PATHS = NO;
				CLANG_ANALYZER_NONNULL = YES;
				CLANG_ANALYZER_NUMBER_OBJECT_CONVERSION = YES_AGGRESSIVE;
				CLANG_CXX_LANGUAGE_STANDARD = "gnu++14";
				CLANG_CXX_LIBRARY = "libc++";
				CLANG_ENABLE_MODULES = YES;
				CLANG_ENABLE_OBJC_ARC = YES;
				CLANG_ENABLE_OBJC_WEAK = YES;
				CLANG_WARN_BLOCK_CAPTURE_AUTORELEASING = YES;
				CLANG_WARN_BOOL_CONVERSION = YES;
				CLANG_WARN_COMMA = YES;
				CLANG_WARN_CONSTANT_CONVERSION = YES;
				CLANG_WARN_DEPRECATED_OBJC_IMPLEMENTATIONS = YES;
				CLANG_WARN_DIRECT_OBJC_ISA_USAGE = YES_ERROR;
				CLANG_WARN_DOCUMENTATION_COMMENTS = YES;
				CLANG_WARN_EMPTY_BODY = YES;
				CLANG_WARN_ENUM_CONVERSION = YES;
				CLANG_WARN_INFINITE_RECURSION = YES;
				CLANG_WARN_INT_CONVERSION = YES;
				CLANG_WARN_NON_LITERAL_NULL_CONVERSION = YES;
				CLANG_WARN_OBJC_IMPLICIT_RETAIN_SELF = YES;
				CLANG_WARN_OBJC_LITERAL_CONVERSION = YES;
				CLANG_WARN_OBJC_ROOT_CLASS = YES_ERROR;
				CLANG_WARN_RANGE_LOOP_ANALYSIS = YES;
				CLANG_WARN_STRICT_PROTOTYPES = YES;
				CLANG_WARN_SUSPICIOUS_MOVE = YES;
				CLANG_WARN_UNGUARDED_AVAILABILITY = YES_AGGRESSIVE;
				CLANG_WARN_UNREACHABLE_CODE = YES;
				CLANG_WARN__DUPLICATE_METHOD_MATCH = YES;
				COPY_PHASE_STRIP = NO;
				DEBUG_INFORMATION_FORMAT = "dwarf-with-dsym";
				ENABLE_NS_ASSERTIONS = NO;
				ENABLE_STRICT_OBJC_MSGSEND = YES;
				GCC_C_LANGUAGE_STANDARD = gnu11;
				GCC_NO_COMMON_BLOCKS = YES;
				GCC_WARN_64_TO_32_BIT_CONVERSION = YES;
				GCC_WARN_ABOUT_RETURN_TYPE = YES_ERROR;
				GCC_WARN_UNDECLARED_SELECTOR = YES;
				GCC_WARN_UNINITIALIZED_AUTOS = YES_AGGRESSIVE;
				GCC_WARN_UNUSED_FUNCTION = YES;
				GCC_WARN_UNUSED_VARIABLE = YES;
				IPHONEOS_DEPLOYMENT_TARGET = 13.2;
				MTL_ENABLE_DEBUG_INFO = NO;
				MTL_FAST_MATH = YES;
				SDKROOT = iphoneos;
				SWIFT_COMPILATION_MODE = wholemodule;
				SWIFT_OPTIMIZATION_LEVEL = "-O";
				VALIDATE_PRODUCT = YES;
			};
			name = Release;
		};
		E553C2FA23F12B2A009FAE5F /* Debug */ = {
			isa = XCBuildConfiguration;
			buildSettings = {
				ASSETCATALOG_COMPILER_APPICON_NAME = AppIcon;
				CODE_SIGN_STYLE = Automatic;
				DEVELOPMENT_TEAM = Q43MV2Y52R;
				INFOPLIST_FILE = CollectionViewPractice/Info.plist;
				LD_RUNPATH_SEARCH_PATHS = (
					"$(inherited)",
					"@executable_path/Frameworks",
				);
				PRODUCT_BUNDLE_IDENTIFIER = vaayoo.CollectionViewPractice;
				PRODUCT_NAME = "$(TARGET_NAME)";
				SWIFT_VERSION = 5.0;
				TARGETED_DEVICE_FAMILY = "1,2";
			};
			name = Debug;
		};
		E553C2FB23F12B2A009FAE5F /* Release */ = {
			isa = XCBuildConfiguration;
			buildSettings = {
				ASSETCATALOG_COMPILER_APPICON_NAME = AppIcon;
				CODE_SIGN_STYLE = Automatic;
				DEVELOPMENT_TEAM = Q43MV2Y52R;
				INFOPLIST_FILE = CollectionViewPractice/Info.plist;
				LD_RUNPATH_SEARCH_PATHS = (
					"$(inherited)",
					"@executable_path/Frameworks",
				);
				PRODUCT_BUNDLE_IDENTIFIER = vaayoo.CollectionViewPractice;
				PRODUCT_NAME = "$(TARGET_NAME)";
				SWIFT_VERSION = 5.0;
				TARGETED_DEVICE_FAMILY = "1,2";
			};
			name = Release;
		};
/* End XCBuildConfiguration section */

/* Begin XCConfigurationList section */
		E553C2E023F12B28009FAE5F /* Build configuration list for PBXProject "CollectionViewPractice" */ = {
			isa = XCConfigurationList;
			buildConfigurations = (
				E553C2F723F12B2A009FAE5F /* Debug */,
				E553C2F823F12B2A009FAE5F /* Release */,
			);
			defaultConfigurationIsVisible = 0;
			defaultConfigurationName = Release;
		};
		E553C2F923F12B2A009FAE5F /* Build configuration list for PBXNativeTarget "CollectionViewPractice" */ = {
			isa = XCConfigurationList;
			buildConfigurations = (
				E553C2FA23F12B2A009FAE5F /* Debug */,
				E553C2FB23F12B2A009FAE5F /* Release */,
			);
			defaultConfigurationIsVisible = 0;
			defaultConfigurationName = Release;
		};
/* End XCConfigurationList section */
	};
	rootObject = E553C2DD23F12B28009FAE5F /* Project object */;
}
